
Microsoft Visual Studio Solution File, Format Version 12.00
# Visual Studio 14
VisualStudioVersion = 14.0.25420.1
MinimumVisualStudioVersion = 10.0.40219.1
Project("{8BC9CEB8-8B4A-11D0-8D11-00A0C91BC942}") = "MMDUtility", "MMDUtility\MMDUtility.vcxproj", "{8D37D925-CA15-431B-B8ED-BA2EF1A12884}"
EndProject
Project("{911E67C6-3D85-4FCE-B560-20A9C3E3FF48}") = "MikuMikuDance", "C:\tool\MikuMikuDance_v926x64\MikuMikuDance.exe", "{EA89FFE5-5742-4907-8BAC-7BC82428547B}"
	ProjectSection(DebuggerProjectSystem) = preProject
		PortSupplier = 00000000-0000-0000-0000-000000000000
		Executable = C:\tool\MikuMikuDance_v926x64\MikuMikuDance.exe
		RemoteMachine = T45157DR-PC
		StartingDirectory = C:\tool\MikuMikuDance_v926x64
		Environment = 既定
		LaunchingEngine = 00000000-0000-0000-0000-000000000000
		UseLegacyDebugEngines = No
		LaunchSQLEngine = No
		AttachLaunchAction = No
	EndProjectSection
EndProject
Project("{8BC9CEB8-8B4A-11D0-8D11-00A0C91BC942}") = "ViewSplit", "ViewSplit\ViewSplit.vcxproj", "{EA3801C1-295D-45E1-9250-F3802788A3E1}"
	ProjectSection(ProjectDependencies) = postProject
		{8D37D925-CA15-431B-B8ED-BA2EF1A12884} = {8D37D925-CA15-431B-B8ED-BA2EF1A12884}
	EndProjectSection
EndProject
Project("{8BC9CEB8-8B4A-11D0-8D11-00A0C91BC942}") = "InterpolationCurvePalette", "InterpolationCurvePalette\InterpolationCurvePalette.vcxproj", "{38A048FE-C12D-4F8B-9D98-33C6A713FE7D}"
	ProjectSection(ProjectDependencies) = postProject
		{8D37D925-CA15-431B-B8ED-BA2EF1A12884} = {8D37D925-CA15-431B-B8ED-BA2EF1A12884}
	EndProjectSection
EndProject
Project("{8BC9CEB8-8B4A-11D0-8D11-00A0C91BC942}") = "AutoSave", "AutoSave\AutoSave.vcxproj", "{62DA4756-BCAA-40F9-9F37-BEDBA9FF9BF7}"
	ProjectSection(ProjectDependencies) = postProject
		{8D37D925-CA15-431B-B8ED-BA2EF1A12884} = {8D37D925-CA15-431B-B8ED-BA2EF1A12884}
	EndProjectSection
EndProject
Project("{8BC9CEB8-8B4A-11D0-8D11-00A0C91BC942}") = "CameraUndo", "CameraUndo\CameraUndo.vcxproj", "{678C1EA3-F6BA-4ECF-8476-6694680A3F34}"
EndProject
Project("{8BC9CEB8-8B4A-11D0-8D11-00A0C91BC942}") = "HideModel", "HideModel\HideModel.vcxproj", "{C4B14EE2-0241-406D-A7CD-E31E50E9169B}"
EndProject
Global
	GlobalSection(SolutionConfigurationPlatforms) = preSolution
		Debug|x64 = Debug|x64
		Debug|x86 = Debug|x86
		Release|x64 = Release|x64
		Release|x86 = Release|x86
	EndGlobalSection
	GlobalSection(ProjectConfigurationPlatforms) = postSolution
		{8D37D925-CA15-431B-B8ED-BA2EF1A12884}.Debug|x64.ActiveCfg = Debug|x64
		{8D37D925-CA15-431B-B8ED-BA2EF1A12884}.Debug|x64.Build.0 = Debug|x64
		{8D37D925-CA15-431B-B8ED-BA2EF1A12884}.Debug|x86.ActiveCfg = Debug|Win32
		{8D37D925-CA15-431B-B8ED-BA2EF1A12884}.Debug|x86.Build.0 = Debug|Win32
		{8D37D925-CA15-431B-B8ED-BA2EF1A12884}.Release|x64.ActiveCfg = Release|x64
		{8D37D925-CA15-431B-B8ED-BA2EF1A12884}.Release|x64.Build.0 = Release|x64
		{8D37D925-CA15-431B-B8ED-BA2EF1A12884}.Release|x86.ActiveCfg = Release|Win32
		{8D37D925-CA15-431B-B8ED-BA2EF1A12884}.Release|x86.Build.0 = Release|Win32
		{EA89FFE5-5742-4907-8BAC-7BC82428547B}.Debug|x64.ActiveCfg = Release|x64
		{EA89FFE5-5742-4907-8BAC-7BC82428547B}.Debug|x86.ActiveCfg = Release|x64
		{EA89FFE5-5742-4907-8BAC-7BC82428547B}.Release|x64.ActiveCfg = Release|x64
		{EA89FFE5-5742-4907-8BAC-7BC82428547B}.Release|x86.ActiveCfg = Release|x64
		{EA3801C1-295D-45E1-9250-F3802788A3E1}.Debug|x64.ActiveCfg = Debug|x64
		{EA3801C1-295D-45E1-9250-F3802788A3E1}.Debug|x64.Build.0 = Debug|x64
		{EA3801C1-295D-45E1-9250-F3802788A3E1}.Debug|x86.ActiveCfg = Debug|Win32
		{EA3801C1-295D-45E1-9250-F3802788A3E1}.Debug|x86.Build.0 = Debug|Win32
		{EA3801C1-295D-45E1-9250-F3802788A3E1}.Release|x64.ActiveCfg = Release|x64
		{EA3801C1-295D-45E1-9250-F3802788A3E1}.Release|x64.Build.0 = Release|x64
		{EA3801C1-295D-45E1-9250-F3802788A3E1}.Release|x86.ActiveCfg = Release|Win32
		{EA3801C1-295D-45E1-9250-F3802788A3E1}.Release|x86.Build.0 = Release|Win32
		{38A048FE-C12D-4F8B-9D98-33C6A713FE7D}.Debug|x64.ActiveCfg = Debug|x64
		{38A048FE-C12D-4F8B-9D98-33C6A713FE7D}.Debug|x64.Build.0 = Debug|x64
		{38A048FE-C12D-4F8B-9D98-33C6A713FE7D}.Debug|x86.ActiveCfg = Debug|Win32
		{38A048FE-C12D-4F8B-9D98-33C6A713FE7D}.Debug|x86.Build.0 = Debug|Win32
		{38A048FE-C12D-4F8B-9D98-33C6A713FE7D}.Release|x64.ActiveCfg = Release|x64
		{38A048FE-C12D-4F8B-9D98-33C6A713FE7D}.Release|x64.Build.0 = Release|x64
		{38A048FE-C12D-4F8B-9D98-33C6A713FE7D}.Release|x86.ActiveCfg = Release|Win32
		{38A048FE-C12D-4F8B-9D98-33C6A713FE7D}.Release|x86.Build.0 = Release|Win32
		{62DA4756-BCAA-40F9-9F37-BEDBA9FF9BF7}.Debug|x64.ActiveCfg = Debug|x64
		{62DA4756-BCAA-40F9-9F37-BEDBA9FF9BF7}.Debug|x64.Build.0 = Debug|x64
		{62DA4756-BCAA-40F9-9F37-BEDBA9FF9BF7}.Debug|x86.ActiveCfg = Debug|Win32
		{62DA4756-BCAA-40F9-9F37-BEDBA9FF9BF7}.Debug|x86.Build.0 = Debug|Win32
		{62DA4756-BCAA-40F9-9F37-BEDBA9FF9BF7}.Release|x64.ActiveCfg = Release|x64
		{62DA4756-BCAA-40F9-9F37-BEDBA9FF9BF7}.Release|x64.Build.0 = Release|x64
		{62DA4756-BCAA-40F9-9F37-BEDBA9FF9BF7}.Release|x86.ActiveCfg = Release|Win32
		{62DA4756-BCAA-40F9-9F37-BEDBA9FF9BF7}.Release|x86.Build.0 = Release|Win32
		{678C1EA3-F6BA-4ECF-8476-6694680A3F34}.Debug|x64.ActiveCfg = Debug|x64
		{678C1EA3-F6BA-4ECF-8476-6694680A3F34}.Debug|x64.Build.0 = Debug|x64
		{678C1EA3-F6BA-4ECF-8476-6694680A3F34}.Debug|x86.ActiveCfg = Debug|Win32
		{678C1EA3-F6BA-4ECF-8476-6694680A3F34}.Debug|x86.Build.0 = Debug|Win32
		{678C1EA3-F6BA-4ECF-8476-6694680A3F34}.Release|x64.ActiveCfg = Release|x64
		{678C1EA3-F6BA-4ECF-8476-6694680A3F34}.Release|x64.Build.0 = Release|x64
		{678C1EA3-F6BA-4ECF-8476-6694680A3F34}.Release|x86.ActiveCfg = Release|Win32
		{678C1EA3-F6BA-4ECF-8476-6694680A3F34}.Release|x86.Build.0 = Release|Win32
		{C4B14EE2-0241-406D-A7CD-E31E50E9169B}.Debug|x64.ActiveCfg = Debug|x64
		{C4B14EE2-0241-406D-A7CD-E31E50E9169B}.Debug|x64.Build.0 = Debug|x64
		{C4B14EE2-0241-406D-A7CD-E31E50E9169B}.Debug|x86.ActiveCfg = Debug|Win32
		{C4B14EE2-0241-406D-A7CD-E31E50E9169B}.Debug|x86.Build.0 = Debug|Win32
		{C4B14EE2-0241-406D-A7CD-E31E50E9169B}.Release|x64.ActiveCfg = Release|x64
		{C4B14EE2-0241-406D-A7CD-E31E50E9169B}.Release|x64.Build.0 = Release|x64
		{C4B14EE2-0241-406D-A7CD-E31E50E9169B}.Release|x86.ActiveCfg = Release|Win32
		{C4B14EE2-0241-406D-A7CD-E31E50E9169B}.Release|x86.Build.0 = Release|Win32
	EndGlobalSection
	GlobalSection(SolutionProperties) = preSolution
		HideSolutionNode = FALSE
	EndGlobalSection
EndGlobal
